{
  "nodes": {
    "flake-parts": {
      "inputs": {
        "nixpkgs-lib": [
          "mcp-hub",
          "nixpkgs"
        ]
      },
      "locked": {
        "lastModified": 1743550720,
        "narHash": "sha256-hIshGgKZCgWh6AYJpJmRgFdR3WUbkY04o82X05xqQiY=",
        "owner": "hercules-ci",
        "repo": "flake-parts",
        "rev": "c621e8422220273271f52058f618c94e405bb0f5",
        "type": "github"
      },
      "original": {
        "owner": "hercules-ci",
        "repo": "flake-parts",
        "type": "github"
      }
    },
    "flake-parts_2": {
      "inputs": {
        "nixpkgs-lib": [
          "mcp-hub-nvim",
          "nixpkgs"
        ]
      },
      "locked": {
        "lastModified": 1743550720,
        "narHash": "sha256-hIshGgKZCgWh6AYJpJmRgFdR3WUbkY04o82X05xqQiY=",
        "owner": "hercules-ci",
        "repo": "flake-parts",
        "rev": "c621e8422220273271f52058f618c94e405bb0f5",
        "type": "github"
      },
      "original": {
        "owner": "hercules-ci",
        "repo": "flake-parts",
        "type": "github"
      }
    },
    "flake-parts_3": {
      "inputs": {
        "nixpkgs-lib": [
          "neovim-nightly-overlay",
          "nixpkgs"
        ]
      },
      "locked": {
        "lastModified": 1763759067,
        "narHash": "sha256-LlLt2Jo/gMNYAwOgdRQBrsRoOz7BPRkzvNaI/fzXi2Q=",
        "owner": "hercules-ci",
        "repo": "flake-parts",
        "rev": "2cccadc7357c0ba201788ae99c4dfa90728ef5e0",
        "type": "github"
      },
      "original": {
        "owner": "hercules-ci",
        "repo": "flake-parts",
        "type": "github"
      }
    },
    "mcp-hub": {
      "inputs": {
        "flake-parts": "flake-parts",
        "nixpkgs": "nixpkgs"
      },
      "locked": {
        "lastModified": 1755841689,
        "narHash": "sha256-KakvXZf0vjdqzyT+LsAKHEr4GLICGXPmxl1hZ3tI7Yg=",
        "owner": "ravitemer",
        "repo": "mcp-hub",
        "rev": "9c7670a4c341ed3cf738a6242c0fde1cea40bccf",
        "type": "github"
      },
      "original": {
        "owner": "ravitemer",
        "repo": "mcp-hub",
        "type": "github"
      }
    },
    "mcp-hub-nvim": {
      "inputs": {
        "flake-parts": "flake-parts_2",
        "nixpkgs": "nixpkgs_2"
      },
      "locked": {
        "lastModified": 1759035242,
        "narHash": "sha256-I6EbgY/2sAdtrxtmH0qbAAQvMCHhOsfolJfblV0fXOk=",
        "owner": "ravitemer",
        "repo": "mcphub.nvim",
        "rev": "8ff40b5edc649959bb7e89d25ae18e055554859a",
        "type": "github"
      },
      "original": {
        "owner": "ravitemer",
        "repo": "mcphub.nvim",
        "type": "github"
      }
    },
    "mnw": {
      "locked": {
        "lastModified": 1763076462,
        "narHash": "sha256-zaoxXoR9rk7jRwfzpvAcoD1tPb6IK3WfpFd3x10aIg8=",
        "owner": "Gerg-L",
        "repo": "mnw",
        "rev": "5b634fd1b77b0e14b1034a4cf9bfc0bef3a22055",
        "type": "github"
      },
      "original": {
        "owner": "Gerg-L",
        "repo": "mnw",
        "type": "github"
      }
    },
    "neovim-nightly-overlay": {
      "inputs": {
        "flake-parts": "flake-parts_3",
        "neovim-src": "neovim-src",
        "nixpkgs": "nixpkgs_3"
      },
      "locked": {
        "lastModified": 1764029077,
        "narHash": "sha256-a3imRMIsRjonDDyt4buoTaXnCJ0H6FSZEes0tHyWr0s=",
        "owner": "nix-community",
        "repo": "neovim-nightly-overlay",
        "rev": "4e2ede6fae4af2d474f63028ff54bd714707c3e7",
        "type": "github"
      },
      "original": {
        "owner": "nix-community",
        "repo": "neovim-nightly-overlay",
        "type": "github"
      }
    },
    "neovim-src": {
      "flake": false,
      "locked": {
        "lastModified": 1764025805,
        "narHash": "sha256-DMG2kVggmBUbr2lxFugiRjiCBOkC9vU822JTkpYTeN4=",
        "owner": "neovim",
        "repo": "neovim",
        "rev": "60c35cc4c7b713c27e8bfdd196cbee46cf050bbb",
        "type": "github"
      },
      "original": {
        "owner": "neovim",
        "repo": "neovim",
        "type": "github"
      }
    },
    "nixpkgs": {
      "locked": {
        "lastModified": 1743689281,
        "narHash": "sha256-y7Hg5lwWhEOgflEHRfzSH96BOt26LaYfrYWzZ+VoVdg=",
        "owner": "NixOS",
        "repo": "nixpkgs",
        "rev": "2bfc080955153be0be56724be6fa5477b4eefabb",
        "type": "github"
      },
      "original": {
        "owner": "NixOS",
        "ref": "nixpkgs-unstable",
        "repo": "nixpkgs",
        "type": "github"
      }
    },
    "nixpkgs_2": {
      "locked": {
        "lastModified": 1745377448,
        "narHash": "sha256-jhZDfXVKdD7TSEGgzFJQvEEZ2K65UMiqW5YJ2aIqxMA=",
        "owner": "nixos",
        "repo": "nixpkgs",
        "rev": "507b63021ada5fee621b6ca371c4fca9ca46f52c",
        "type": "github"
      },
      "original": {
        "owner": "nixos",
        "ref": "nixpkgs-unstable",
        "repo": "nixpkgs",
        "type": "github"
      }
    },
    "nixpkgs_3": {
      "locked": {
        "lastModified": 1763934636,
        "narHash": "sha256-9glbI7f1uU+yzQCq5LwLgdZqx6svOhZWkd4JRY265fc=",
        "owner": "NixOS",
        "repo": "nixpkgs",
        "rev": "ee09932cedcef15aaf476f9343d1dea2cb77e261",
        "type": "github"
      },
      "original": {
        "owner": "NixOS",
        "ref": "nixpkgs-unstable",
        "repo": "nixpkgs",
        "type": "github"
      }
    },
    "nixpkgs_4": {
      "locked": {
        "lastModified": 1763835633,
        "narHash": "sha256-HzxeGVID5MChuCPESuC0dlQL1/scDKu+MmzoVBJxulM=",
        "owner": "nixos",
        "repo": "nixpkgs",
        "rev": "050e09e091117c3d7328c7b2b7b577492c43c134",
        "type": "github"
      },
      "original": {
        "owner": "nixos",
        "ref": "nixos-unstable",
        "repo": "nixpkgs",
        "type": "github"
      }
    },
    "root": {
      "inputs": {
        "mcp-hub": "mcp-hub",
        "mcp-hub-nvim": "mcp-hub-nvim",
        "mnw": "mnw",
        "neovim-nightly-overlay": "neovim-nightly-overlay",
        "nixpkgs": "nixpkgs_4"
      }
    }
  },
  "root": "root",
  "version": 7
}
